Microsoft Visual Studio Solution File, Format Version 12.00
# Visual Studio Version 17
VisualStudioVersion = 17.5.2.0
MinimumVisualStudioVersion = 10.0.40219.1
Project("{FAE04EC0-301F-11D3-BF4B-00C04F79EFBC}") = "aulaclass", "aulaclass.csproj", "{8008BD08-C02D-80B4-0D4A-46DCAD4C933A}"
EndProject
Global
	GlobalSection(SolutionConfigurationPlatforms) = preSolution
		Debug|Any CPU = Debug|Any CPU
		Release|Any CPU = Release|Any CPU
	EndGlobalSection
	GlobalSection(ProjectConfigurationPlatforms) = postSolution
		{8008BD08-C02D-80B4-0D4A-46DCAD4C933A}.Debug|Any CPU.ActiveCfg = Debug|Any CPU
		{8008BD08-C02D-80B4-0D4A-46DCAD4C933A}.Debug|Any CPU.Build.0 = Debug|Any CPU
		{8008BD08-C02D-80B4-0D4A-46DCAD4C933A}.Release|Any CPU.ActiveCfg = Release|Any CPU
		{8008BD08-C02D-80B4-0D4A-46DCAD4C933A}.Release|Any CPU.Build.0 = Release|Any CPU
	EndGlobalSection
	GlobalSection(SolutionProperties) = preSolution
		HideSolutionNode = FALSE
	EndGlobalSection
	GlobalSection(ExtensibilityGlobals) = postSolution
		SolutionGuid = {54342F31-663A-4CDB-98E0-D1D950340ECC}
	EndGlobalSection
EndGlobal
